# This file is automatically @generated by Cargo.
# It is not intended for manual editing.
version = 4

[[package]]
name = "capitalize"
version = "0.3.4"
source = "registry+https://github.com/rust-lang/crates.io-index"
checksum = "6b5271031022835ee8c7582fe67403bd6cb3d962095787af7921027234bab5bf"

[[package]]
name = "nanorand"
version = "0.8.0"
source = "registry+https://github.com/rust-lang/crates.io-index"
checksum = "6e3d189da485332e96ba8a5ef646a311871abd7915bf06ac848a9117f19cf6e4"

[[package]]
name = "nomina"
version = "0.0.1"
dependencies = [
 "capitalize",
 "nanorand",
]
